// !$*UTF8*$!
{
	archiveVersion = 1;
	classes = {
	};
	objectVersion = 56;
	objects = {

/* Begin PBXBuildFile section */
		EC513ADE29FEA38F003AA4DC /* AppInfoVC.swift in Sources */ = {isa = PBXBuildFile; fileRef = EC513ADD29FEA38F003AA4DC /* AppInfoVC.swift */; };
		EC513AE129FEAEDA003AA4DC /* AppInfoHeaderCell.swift in Sources */ = {isa = PBXBuildFile; fileRef = EC513AE029FEAEDA003AA4DC /* AppInfoHeaderCell.swift */; };
		EC513AE529FFA257003AA4DC /* GetButton.swift in Sources */ = {isa = PBXBuildFile; fileRef = EC513AE429FFA257003AA4DC /* GetButton.swift */; };
		EC513AE829FFA4E2003AA4DC /* BodyLabel.swift in Sources */ = {isa = PBXBuildFile; fileRef = EC513AE729FFA4E2003AA4DC /* BodyLabel.swift */; };
		EC513AEB29FFAF1E003AA4DC /* IconImageView.swift in Sources */ = {isa = PBXBuildFile; fileRef = EC513AEA29FFAF1E003AA4DC /* IconImageView.swift */; };
		EC513AED29FFD0EB003AA4DC /* AppInfoHeaderCellViewModel.swift in Sources */ = {isa = PBXBuildFile; fileRef = EC513AEC29FFD0EB003AA4DC /* AppInfoHeaderCellViewModel.swift */; };
		EC513AF02A000B2F003AA4DC /* PreviewCell.swift in Sources */ = {isa = PBXBuildFile; fileRef = EC513AEF2A000B2F003AA4DC /* PreviewCell.swift */; };
		EC513AF32A0050F2003AA4DC /* PreviewCellVC.swift in Sources */ = {isa = PBXBuildFile; fileRef = EC513AF22A0050F2003AA4DC /* PreviewCellVC.swift */; };
		EC513AF52A00699B003AA4DC /* PreviewDetailCell.swift in Sources */ = {isa = PBXBuildFile; fileRef = EC513AF42A00699B003AA4DC /* PreviewDetailCell.swift */; };
		EC513AF72A0149C0003AA4DC /* PreviewDetailCellViewModel.swift in Sources */ = {isa = PBXBuildFile; fileRef = EC513AF62A0149C0003AA4DC /* PreviewDetailCellViewModel.swift */; };
		EC75100D29FB0D960012C433 /* Kingfisher in Frameworks */ = {isa = PBXBuildFile; productRef = EC75100C29FB0D960012C433 /* Kingfisher */; };
		EC75101029FB13430012C433 /* SearchCellViewModel.swift in Sources */ = {isa = PBXBuildFile; fileRef = EC75100F29FB13430012C433 /* SearchCellViewModel.swift */; };
		EC75101229FB307E0012C433 /* ScreenImageView+Ext.swift in Sources */ = {isa = PBXBuildFile; fileRef = EC75101129FB307E0012C433 /* ScreenImageView+Ext.swift */; };
		EC75101429FB36F00012C433 /* TodayViewController.swift in Sources */ = {isa = PBXBuildFile; fileRef = EC75101329FB36F00012C433 /* TodayViewController.swift */; };
		EC75101629FB37040012C433 /* AppsViewController.swift in Sources */ = {isa = PBXBuildFile; fileRef = EC75101529FB37040012C433 /* AppsViewController.swift */; };
		EC75101829FBB8AD0012C433 /* AppCell.swift in Sources */ = {isa = PBXBuildFile; fileRef = EC75101729FBB8AD0012C433 /* AppCell.swift */; };
		EC75101B29FBCD530012C433 /* AppCellDetailVC.swift in Sources */ = {isa = PBXBuildFile; fileRef = EC75101A29FBCD530012C433 /* AppCellDetailVC.swift */; };
		EC75101D29FBE3350012C433 /* AppCellDetailCell.swift in Sources */ = {isa = PBXBuildFile; fileRef = EC75101C29FBE3350012C433 /* AppCellDetailCell.swift */; };
		EC75101F29FC17FC0012C433 /* AppsHeaderView.swift in Sources */ = {isa = PBXBuildFile; fileRef = EC75101E29FC17FC0012C433 /* AppsHeaderView.swift */; };
		EC75102129FC628B0012C433 /* AppsHeaderVC.swift in Sources */ = {isa = PBXBuildFile; fileRef = EC75102029FC628B0012C433 /* AppsHeaderVC.swift */; };
		EC75102329FD0DE80012C433 /* AppsHeaderViewCell.swift in Sources */ = {isa = PBXBuildFile; fileRef = EC75102229FD0DE80012C433 /* AppsHeaderViewCell.swift */; };
		EC75102529FD62FD0012C433 /* AppsService.swift in Sources */ = {isa = PBXBuildFile; fileRef = EC75102429FD62FC0012C433 /* AppsService.swift */; };
		EC75102729FD6E980012C433 /* AppModel.swift in Sources */ = {isa = PBXBuildFile; fileRef = EC75102629FD6E980012C433 /* AppModel.swift */; };
		EC75102929FDBAE10012C433 /* Constant.swift in Sources */ = {isa = PBXBuildFile; fileRef = EC75102829FDBAE10012C433 /* Constant.swift */; };
		EC75102E29FDC47F0012C433 /* AppCellDetailCellViewModel.swift in Sources */ = {isa = PBXBuildFile; fileRef = EC75102D29FDC47F0012C433 /* AppCellDetailCellViewModel.swift */; };
		EC75103029FE58DF0012C433 /* AppHeaderModel.swift in Sources */ = {isa = PBXBuildFile; fileRef = EC75102F29FE58DF0012C433 /* AppHeaderModel.swift */; };
		EC75103229FE73030012C433 /* AppsHeaderViewModel.swift in Sources */ = {isa = PBXBuildFile; fileRef = EC75103129FE73030012C433 /* AppsHeaderViewModel.swift */; };
		EC96257E29F9D12D004AC6AE /* AppDelegate.swift in Sources */ = {isa = PBXBuildFile; fileRef = EC96257D29F9D12D004AC6AE /* AppDelegate.swift */; };
		EC96258029F9D12D004AC6AE /* SceneDelegate.swift in Sources */ = {isa = PBXBuildFile; fileRef = EC96257F29F9D12D004AC6AE /* SceneDelegate.swift */; };
		EC96258229F9D12D004AC6AE /* SearchViewController.swift in Sources */ = {isa = PBXBuildFile; fileRef = EC96258129F9D12D004AC6AE /* SearchViewController.swift */; };
		EC96258729F9D12F004AC6AE /* Assets.xcassets in Resources */ = {isa = PBXBuildFile; fileRef = EC96258629F9D12F004AC6AE /* Assets.xcassets */; };
		EC96258A29F9D12F004AC6AE /* LaunchScreen.storyboard in Resources */ = {isa = PBXBuildFile; fileRef = EC96258829F9D12F004AC6AE /* LaunchScreen.storyboard */; };
		EC96259229F9D1C6004AC6AE /* MainTabBarController.swift in Sources */ = {isa = PBXBuildFile; fileRef = EC96259129F9D1C6004AC6AE /* MainTabBarController.swift */; };
		EC96259929F9DBDB004AC6AE /* SearchCell.swift in Sources */ = {isa = PBXBuildFile; fileRef = EC96259829F9DBDB004AC6AE /* SearchCell.swift */; };
		EC96259C29FA9095004AC6AE /* UIView+Ext.swift in Sources */ = {isa = PBXBuildFile; fileRef = EC96259B29FA9095004AC6AE /* UIView+Ext.swift */; };
		EC96259F29FAE04F004AC6AE /* SearchService.swift in Sources */ = {isa = PBXBuildFile; fileRef = EC96259E29FAE04F004AC6AE /* SearchService.swift */; };
		EC9625A229FAE136004AC6AE /* Alamofire in Frameworks */ = {isa = PBXBuildFile; productRef = EC9625A129FAE136004AC6AE /* Alamofire */; };
		EC9625A529FAEBCF004AC6AE /* SearchResult.swift in Sources */ = {isa = PBXBuildFile; fileRef = EC9625A429FAEBCF004AC6AE /* SearchResult.swift */; };
/* End PBXBuildFile section */

/* Begin PBXFileReference section */
		EC513ADD29FEA38F003AA4DC /* AppInfoVC.swift */ = {isa = PBXFileReference; lastKnownFileType = sourcecode.swift; path = AppInfoVC.swift; sourceTree = "<group>"; };
		EC513AE029FEAEDA003AA4DC /* AppInfoHeaderCell.swift */ = {isa = PBXFileReference; lastKnownFileType = sourcecode.swift; path = AppInfoHeaderCell.swift; sourceTree = "<group>"; };
		EC513AE429FFA257003AA4DC /* GetButton.swift */ = {isa = PBXFileReference; lastKnownFileType = sourcecode.swift; path = GetButton.swift; sourceTree = "<group>"; };
		EC513AE729FFA4E2003AA4DC /* BodyLabel.swift */ = {isa = PBXFileReference; lastKnownFileType = sourcecode.swift; path = BodyLabel.swift; sourceTree = "<group>"; };
		EC513AEA29FFAF1E003AA4DC /* IconImageView.swift */ = {isa = PBXFileReference; lastKnownFileType = sourcecode.swift; path = IconImageView.swift; sourceTree = "<group>"; };
		EC513AEC29FFD0EB003AA4DC /* AppInfoHeaderCellViewModel.swift */ = {isa = PBXFileReference; lastKnownFileType = sourcecode.swift; path = AppInfoHeaderCellViewModel.swift; sourceTree = "<group>"; };
		EC513AEF2A000B2F003AA4DC /* PreviewCell.swift */ = {isa = PBXFileReference; lastKnownFileType = sourcecode.swift; path = PreviewCell.swift; sourceTree = "<group>"; };
		EC513AF22A0050F2003AA4DC /* PreviewCellVC.swift */ = {isa = PBXFileReference; lastKnownFileType = sourcecode.swift; path = PreviewCellVC.swift; sourceTree = "<group>"; };
		EC513AF42A00699B003AA4DC /* PreviewDetailCell.swift */ = {isa = PBXFileReference; lastKnownFileType = sourcecode.swift; path = PreviewDetailCell.swift; sourceTree = "<group>"; };
		EC513AF62A0149C0003AA4DC /* PreviewDetailCellViewModel.swift */ = {isa = PBXFileReference; lastKnownFileType = sourcecode.swift; path = PreviewDetailCellViewModel.swift; sourceTree = "<group>"; };
		EC75100F29FB13430012C433 /* SearchCellViewModel.swift */ = {isa = PBXFileReference; lastKnownFileType = sourcecode.swift; path = SearchCellViewModel.swift; sourceTree = "<group>"; };
		EC75101129FB307E0012C433 /* ScreenImageView+Ext.swift */ = {isa = PBXFileReference; lastKnownFileType = sourcecode.swift; path = "ScreenImageView+Ext.swift"; sourceTree = "<group>"; };
		EC75101329FB36F00012C433 /* TodayViewController.swift */ = {isa = PBXFileReference; lastKnownFileType = sourcecode.swift; path = TodayViewController.swift; sourceTree = "<group>"; };
		EC75101529FB37040012C433 /* AppsViewController.swift */ = {isa = PBXFileReference; lastKnownFileType = sourcecode.swift; path = AppsViewController.swift; sourceTree = "<group>"; };
		EC75101729FBB8AD0012C433 /* AppCell.swift */ = {isa = PBXFileReference; lastKnownFileType = sourcecode.swift; path = AppCell.swift; sourceTree = "<group>"; };
		EC75101A29FBCD530012C433 /* AppCellDetailVC.swift */ = {isa = PBXFileReference; lastKnownFileType = sourcecode.swift; path = AppCellDetailVC.swift; sourceTree = "<group>"; };
		EC75101C29FBE3350012C433 /* AppCellDetailCell.swift */ = {isa = PBXFileReference; lastKnownFileType = sourcecode.swift; path = AppCellDetailCell.swift; sourceTree = "<group>"; };
		EC75101E29FC17FC0012C433 /* AppsHeaderView.swift */ = {isa = PBXFileReference; lastKnownFileType = sourcecode.swift; path = AppsHeaderView.swift; sourceTree = "<group>"; };
		EC75102029FC628B0012C433 /* AppsHeaderVC.swift */ = {isa = PBXFileReference; lastKnownFileType = sourcecode.swift; path = AppsHeaderVC.swift; sourceTree = "<group>"; };
		EC75102229FD0DE80012C433 /* AppsHeaderViewCell.swift */ = {isa = PBXFileReference; lastKnownFileType = sourcecode.swift; path = AppsHeaderViewCell.swift; sourceTree = "<group>"; };
		EC75102429FD62FC0012C433 /* AppsService.swift */ = {isa = PBXFileReference; lastKnownFileType = sourcecode.swift; path = AppsService.swift; sourceTree = "<group>"; };
		EC75102629FD6E980012C433 /* AppModel.swift */ = {isa = PBXFileReference; lastKnownFileType = sourcecode.swift; path = AppModel.swift; sourceTree = "<group>"; };
		EC75102829FDBAE10012C433 /* Constant.swift */ = {isa = PBXFileReference; lastKnownFileType = sourcecode.swift; path = Constant.swift; sourceTree = "<group>"; };
		EC75102D29FDC47F0012C433 /* AppCellDetailCellViewModel.swift */ = {isa = PBXFileReference; lastKnownFileType = sourcecode.swift; path = AppCellDetailCellViewModel.swift; sourceTree = "<group>"; };
		EC75102F29FE58DF0012C433 /* AppHeaderModel.swift */ = {isa = PBXFileReference; lastKnownFileType = sourcecode.swift; path = AppHeaderModel.swift; sourceTree = "<group>"; };
		EC75103129FE73030012C433 /* AppsHeaderViewModel.swift */ = {isa = PBXFileReference; lastKnownFileType = sourcecode.swift; path = AppsHeaderViewModel.swift; sourceTree = "<group>"; };
		EC96257A29F9D12D004AC6AE /* AppStore.app */ = {isa = PBXFileReference; explicitFileType = wrapper.application; includeInIndex = 0; path = AppStore.app; sourceTree = BUILT_PRODUCTS_DIR; };
		EC96257D29F9D12D004AC6AE /* AppDelegate.swift */ = {isa = PBXFileReference; lastKnownFileType = sourcecode.swift; path = AppDelegate.swift; sourceTree = "<group>"; };
		EC96257F29F9D12D004AC6AE /* SceneDelegate.swift */ = {isa = PBXFileReference; lastKnownFileType = sourcecode.swift; path = SceneDelegate.swift; sourceTree = "<group>"; };
		EC96258129F9D12D004AC6AE /* SearchViewController.swift */ = {isa = PBXFileReference; lastKnownFileType = sourcecode.swift; path = SearchViewController.swift; sourceTree = "<group>"; };
		EC96258629F9D12F004AC6AE /* Assets.xcassets */ = {isa = PBXFileReference; lastKnownFileType = folder.assetcatalog; path = Assets.xcassets; sourceTree = "<group>"; };
		EC96258929F9D12F004AC6AE /* Base */ = {isa = PBXFileReference; lastKnownFileType = file.storyboard; name = Base; path = Base.lproj/LaunchScreen.storyboard; sourceTree = "<group>"; };
		EC96258B29F9D12F004AC6AE /* Info.plist */ = {isa = PBXFileReference; lastKnownFileType = text.plist.xml; path = Info.plist; sourceTree = "<group>"; };
		EC96259129F9D1C6004AC6AE /* MainTabBarController.swift */ = {isa = PBXFileReference; lastKnownFileType = sourcecode.swift; path = MainTabBarController.swift; sourceTree = "<group>"; };
		EC96259829F9DBDB004AC6AE /* SearchCell.swift */ = {isa = PBXFileReference; lastKnownFileType = sourcecode.swift; path = SearchCell.swift; sourceTree = "<group>"; };
		EC96259B29FA9095004AC6AE /* UIView+Ext.swift */ = {isa = PBXFileReference; lastKnownFileType = sourcecode.swift; path = "UIView+Ext.swift"; sourceTree = "<group>"; };
		EC96259E29FAE04F004AC6AE /* SearchService.swift */ = {isa = PBXFileReference; lastKnownFileType = sourcecode.swift; path = SearchService.swift; sourceTree = "<group>"; };
		EC9625A429FAEBCF004AC6AE /* SearchResult.swift */ = {isa = PBXFileReference; lastKnownFileType = sourcecode.swift; path = SearchResult.swift; sourceTree = "<group>"; };
/* End PBXFileReference section */

/* Begin PBXFrameworksBuildPhase section */
		EC96257729F9D12D004AC6AE /* Frameworks */ = {
			isa = PBXFrameworksBuildPhase;
			buildActionMask = 2147483647;
			files = (
				EC75100D29FB0D960012C433 /* Kingfisher in Frameworks */,
				EC9625A229FAE136004AC6AE /* Alamofire in Frameworks */,
			);
			runOnlyForDeploymentPostprocessing = 0;
		};
/* End PBXFrameworksBuildPhase section */

/* Begin PBXGroup section */
		EC513ADF29FEAEAF003AA4DC /* AppInfoView */ = {
			isa = PBXGroup;
			children = (
				EC513AE029FEAEDA003AA4DC /* AppInfoHeaderCell.swift */,
			);
			path = AppInfoView;
			sourceTree = "<group>";
		};
		EC513AE229FFA233003AA4DC /* CustomView */ = {
			isa = PBXGroup;
			children = (
				EC513AE929FFAF10003AA4DC /* ImageView */,
				EC513AE629FFA4D3003AA4DC /* Label */,
				EC513AE329FFA24E003AA4DC /* Button */,
			);
			path = CustomView;
			sourceTree = "<group>";
		};
		EC513AE329FFA24E003AA4DC /* Button */ = {
			isa = PBXGroup;
			children = (
				EC513AE429FFA257003AA4DC /* GetButton.swift */,
			);
			path = Button;
			sourceTree = "<group>";
		};
		EC513AE629FFA4D3003AA4DC /* Label */ = {
			isa = PBXGroup;
			children = (
				EC513AE729FFA4E2003AA4DC /* BodyLabel.swift */,
			);
			path = Label;
			sourceTree = "<group>";
		};
		EC513AE929FFAF10003AA4DC /* ImageView */ = {
			isa = PBXGroup;
			children = (
				EC513AEA29FFAF1E003AA4DC /* IconImageView.swift */,
			);
			path = ImageView;
			sourceTree = "<group>";
		};
		EC513AEE2A000A4B003AA4DC /* PreviewCell */ = {
			isa = PBXGroup;
			children = (
				EC513AEF2A000B2F003AA4DC /* PreviewCell.swift */,
				EC513AF42A00699B003AA4DC /* PreviewDetailCell.swift */,
			);
			path = PreviewCell;
			sourceTree = "<group>";
		};
		EC513AF12A0050E1003AA4DC /* Preview */ = {
			isa = PBXGroup;
			children = (
				EC513AF22A0050F2003AA4DC /* PreviewCellVC.swift */,
			);
			path = Preview;
			sourceTree = "<group>";
		};
		EC75100E29FB12F70012C433 /* ViewModel */ = {
			isa = PBXGroup;
			children = (
				EC75100F29FB13430012C433 /* SearchCellViewModel.swift */,
				EC75102D29FDC47F0012C433 /* AppCellDetailCellViewModel.swift */,
				EC75103129FE73030012C433 /* AppsHeaderViewModel.swift */,
				EC513AEC29FFD0EB003AA4DC /* AppInfoHeaderCellViewModel.swift */,
				EC513AF62A0149C0003AA4DC /* PreviewDetailCellViewModel.swift */,
			);
			path = ViewModel;
			sourceTree = "<group>";
		};
		EC75101929FBCC6D0012C433 /* Apps */ = {
			isa = PBXGroup;
			children = (
				EC75101529FB37040012C433 /* AppsViewController.swift */,
				EC75101A29FBCD530012C433 /* AppCellDetailVC.swift */,
				EC75102029FC628B0012C433 /* AppsHeaderVC.swift */,
				EC513ADD29FEA38F003AA4DC /* AppInfoVC.swift */,
			);
			path = Apps;
			sourceTree = "<group>";
		};
		EC75102A29FDC4260012C433 /* SearchView */ = {
			isa = PBXGroup;
			children = (
				EC96259829F9DBDB004AC6AE /* SearchCell.swift */,
			);
			path = SearchView;
			sourceTree = "<group>";
		};
		EC75102B29FDC4370012C433 /* AppCellView */ = {
			isa = PBXGroup;
			children = (
				EC75101729FBB8AD0012C433 /* AppCell.swift */,
				EC75101C29FBE3350012C433 /* AppCellDetailCell.swift */,
				EC75102C29FDC4480012C433 /* AppHeaderView */,
			);
			path = AppCellView;
			sourceTree = "<group>";
		};
		EC75102C29FDC4480012C433 /* AppHeaderView */ = {
			isa = PBXGroup;
			children = (
				EC75101E29FC17FC0012C433 /* AppsHeaderView.swift */,
				EC75102229FD0DE80012C433 /* AppsHeaderViewCell.swift */,
			);
			path = AppHeaderView;
			sourceTree = "<group>";
		};
		EC96257129F9D12D004AC6AE = {
			isa = PBXGroup;
			children = (
				EC96257C29F9D12D004AC6AE /* AppStore */,
				EC96257B29F9D12D004AC6AE /* Products */,
			);
			sourceTree = "<group>";
		};
		EC96257B29F9D12D004AC6AE /* Products */ = {
			isa = PBXGroup;
			children = (
				EC96257A29F9D12D004AC6AE /* AppStore.app */,
			);
			name = Products;
			sourceTree = "<group>";
		};
		EC96257C29F9D12D004AC6AE /* AppStore */ = {
			isa = PBXGroup;
			children = (
				EC96259429F9D327004AC6AE /* Support */,
				EC96259A29FA9081004AC6AE /* Extension */,
				EC96259D29FAE037004AC6AE /* Service */,
				EC9625A329FAEBBE004AC6AE /* Model */,
				EC96259729F9DBC8004AC6AE /* Views */,
				EC75100E29FB12F70012C433 /* ViewModel */,
				EC96259529F9D340004AC6AE /* Controller */,
			);
			path = AppStore;
			sourceTree = "<group>";
		};
		EC96259329F9D30C004AC6AE /* Delegate */ = {
			isa = PBXGroup;
			children = (
				EC96257D29F9D12D004AC6AE /* AppDelegate.swift */,
				EC96257F29F9D12D004AC6AE /* SceneDelegate.swift */,
			);
			path = Delegate;
			sourceTree = "<group>";
		};
		EC96259429F9D327004AC6AE /* Support */ = {
			isa = PBXGroup;
			children = (
				EC96258629F9D12F004AC6AE /* Assets.xcassets */,
				EC96258829F9D12F004AC6AE /* LaunchScreen.storyboard */,
				EC96258B29F9D12F004AC6AE /* Info.plist */,
				EC96259329F9D30C004AC6AE /* Delegate */,
			);
			path = Support;
			sourceTree = "<group>";
		};
		EC96259529F9D340004AC6AE /* Controller */ = {
			isa = PBXGroup;
			children = (
				EC513AF12A0050E1003AA4DC /* Preview */,
				EC96259629F9D349004AC6AE /* TabBar */,
				EC75101929FBCC6D0012C433 /* Apps */,
				EC75101329FB36F00012C433 /* TodayViewController.swift */,
				EC96258129F9D12D004AC6AE /* SearchViewController.swift */,
			);
			path = Controller;
			sourceTree = "<group>";
		};
		EC96259629F9D349004AC6AE /* TabBar */ = {
			isa = PBXGroup;
			children = (
				EC96259129F9D1C6004AC6AE /* MainTabBarController.swift */,
			);
			path = TabBar;
			sourceTree = "<group>";
		};
		EC96259729F9DBC8004AC6AE /* Views */ = {
			isa = PBXGroup;
			children = (
				EC513AE229FFA233003AA4DC /* CustomView */,
				EC75102A29FDC4260012C433 /* SearchView */,
				EC75102B29FDC4370012C433 /* AppCellView */,
				EC513ADF29FEAEAF003AA4DC /* AppInfoView */,
				EC513AEE2A000A4B003AA4DC /* PreviewCell */,
			);
			path = Views;
			sourceTree = "<group>";
		};
		EC96259A29FA9081004AC6AE /* Extension */ = {
			isa = PBXGroup;
			children = (
				EC96259B29FA9095004AC6AE /* UIView+Ext.swift */,
				EC75101129FB307E0012C433 /* ScreenImageView+Ext.swift */,
				EC75102829FDBAE10012C433 /* Constant.swift */,
			);
			path = Extension;
			sourceTree = "<group>";
		};
		EC96259D29FAE037004AC6AE /* Service */ = {
			isa = PBXGroup;
			children = (
				EC96259E29FAE04F004AC6AE /* SearchService.swift */,
				EC75102429FD62FC0012C433 /* AppsService.swift */,
			);
			path = Service;
			sourceTree = "<group>";
		};
		EC9625A329FAEBBE004AC6AE /* Model */ = {
			isa = PBXGroup;
			children = (
				EC9625A429FAEBCF004AC6AE /* SearchResult.swift */,
				EC75102629FD6E980012C433 /* AppModel.swift */,
				EC75102F29FE58DF0012C433 /* AppHeaderModel.swift */,
			);
			path = Model;
			sourceTree = "<group>";
		};
/* End PBXGroup section */

/* Begin PBXNativeTarget section */
		EC96257929F9D12D004AC6AE /* AppStore */ = {
			isa = PBXNativeTarget;
			buildConfigurationList = EC96258E29F9D12F004AC6AE /* Build configuration list for PBXNativeTarget "AppStore" */;
			buildPhases = (
				EC96257629F9D12D004AC6AE /* Sources */,
				EC96257729F9D12D004AC6AE /* Frameworks */,
				EC96257829F9D12D004AC6AE /* Resources */,
			);
			buildRules = (
			);
			dependencies = (
			);
			name = AppStore;
			packageProductDependencies = (
				EC9625A129FAE136004AC6AE /* Alamofire */,
				EC75100C29FB0D960012C433 /* Kingfisher */,
			);
			productName = AppStore;
			productReference = EC96257A29F9D12D004AC6AE /* AppStore.app */;
			productType = "com.apple.product-type.application";
		};
/* End PBXNativeTarget section */

/* Begin PBXProject section */
		EC96257229F9D12D004AC6AE /* Project object */ = {
			isa = PBXProject;
			attributes = {
				BuildIndependentTargetsInParallel = 1;
				LastSwiftUpdateCheck = 1410;
				LastUpgradeCheck = 1410;
				TargetAttributes = {
					EC96257929F9D12D004AC6AE = {
						CreatedOnToolsVersion = 14.1;
					};
				};
			};
			buildConfigurationList = EC96257529F9D12D004AC6AE /* Build configuration list for PBXProject "AppStore" */;
			compatibilityVersion = "Xcode 14.0";
			developmentRegion = en;
			hasScannedForEncodings = 0;
			knownRegions = (
				en,
				Base,
			);
			mainGroup = EC96257129F9D12D004AC6AE;
			packageReferences = (
				EC9625A029FAE136004AC6AE /* XCRemoteSwiftPackageReference "Alamofire" */,
				EC75100B29FB0D960012C433 /* XCRemoteSwiftPackageReference "Kingfisher" */,
			);
			productRefGroup = EC96257B29F9D12D004AC6AE /* Products */;
			projectDirPath = "";
			projectRoot = "";
			targets = (
				EC96257929F9D12D004AC6AE /* AppStore */,
			);
		};
/* End PBXProject section */

/* Begin PBXResourcesBuildPhase section */
		EC96257829F9D12D004AC6AE /* Resources */ = {
			isa = PBXResourcesBuildPhase;
			buildActionMask = 2147483647;
			files = (
				EC96258A29F9D12F004AC6AE /* LaunchScreen.storyboard in Resources */,
				EC96258729F9D12F004AC6AE /* Assets.xcassets in Resources */,
			);
			runOnlyForDeploymentPostprocessing = 0;
		};
/* End PBXResourcesBuildPhase section */

/* Begin PBXSourcesBuildPhase section */
		EC96257629F9D12D004AC6AE /* Sources */ = {
			isa = PBXSourcesBuildPhase;
			buildActionMask = 2147483647;
			files = (
				EC96259C29FA9095004AC6AE /* UIView+Ext.swift in Sources */,
				EC513AF02A000B2F003AA4DC /* PreviewCell.swift in Sources */,
				EC96258229F9D12D004AC6AE /* SearchViewController.swift in Sources */,
				EC75101629FB37040012C433 /* AppsViewController.swift in Sources */,
				EC513AE529FFA257003AA4DC /* GetButton.swift in Sources */,
				EC75102729FD6E980012C433 /* AppModel.swift in Sources */,
				EC75102329FD0DE80012C433 /* AppsHeaderViewCell.swift in Sources */,
				EC75102129FC628B0012C433 /* AppsHeaderVC.swift in Sources */,
				EC513AF32A0050F2003AA4DC /* PreviewCellVC.swift in Sources */,
				EC75102529FD62FD0012C433 /* AppsService.swift in Sources */,
				EC513AE829FFA4E2003AA4DC /* BodyLabel.swift in Sources */,
				EC9625A529FAEBCF004AC6AE /* SearchResult.swift in Sources */,
				EC96259929F9DBDB004AC6AE /* SearchCell.swift in Sources */,
				EC75101829FBB8AD0012C433 /* AppCell.swift in Sources */,
				EC96257E29F9D12D004AC6AE /* AppDelegate.swift in Sources */,
				EC75103029FE58DF0012C433 /* AppHeaderModel.swift in Sources */,
				EC513AED29FFD0EB003AA4DC /* AppInfoHeaderCellViewModel.swift in Sources */,
				EC75101F29FC17FC0012C433 /* AppsHeaderView.swift in Sources */,
				EC75103229FE73030012C433 /* AppsHeaderViewModel.swift in Sources */,
				EC75101B29FBCD530012C433 /* AppCellDetailVC.swift in Sources */,
				EC513ADE29FEA38F003AA4DC /* AppInfoVC.swift in Sources */,
				EC513AF52A00699B003AA4DC /* PreviewDetailCell.swift in Sources */,
				EC513AE129FEAEDA003AA4DC /* AppInfoHeaderCell.swift in Sources */,
				EC96259F29FAE04F004AC6AE /* SearchService.swift in Sources */,
				EC75102E29FDC47F0012C433 /* AppCellDetailCellViewModel.swift in Sources */,
				EC75102929FDBAE10012C433 /* Constant.swift in Sources */,
				EC513AF72A0149C0003AA4DC /* PreviewDetailCellViewModel.swift in Sources */,
				EC96259229F9D1C6004AC6AE /* MainTabBarController.swift in Sources */,
				EC75101029FB13430012C433 /* SearchCellViewModel.swift in Sources */,
				EC75101229FB307E0012C433 /* ScreenImageView+Ext.swift in Sources */,
				EC96258029F9D12D004AC6AE /* SceneDelegate.swift in Sources */,
				EC75101429FB36F00012C433 /* TodayViewController.swift in Sources */,
				EC75101D29FBE3350012C433 /* AppCellDetailCell.swift in Sources */,
				EC513AEB29FFAF1E003AA4DC /* IconImageView.swift in Sources */,
			);
			runOnlyForDeploymentPostprocessing = 0;
		};
/* End PBXSourcesBuildPhase section */

/* Begin PBXVariantGroup section */
		EC96258829F9D12F004AC6AE /* LaunchScreen.storyboard */ = {
			isa = PBXVariantGroup;
			children = (
				EC96258929F9D12F004AC6AE /* Base */,
			);
			name = LaunchScreen.storyboard;
			sourceTree = "<group>";
		};
/* End PBXVariantGroup section */

/* Begin XCBuildConfiguration section */
		EC96258C29F9D12F004AC6AE /* Debug */ = {
			isa = XCBuildConfiguration;
			buildSettings = {
				ALWAYS_SEARCH_USER_PATHS = NO;
				CLANG_ANALYZER_NONNULL = YES;
				CLANG_ANALYZER_NUMBER_OBJECT_CONVERSION = YES_AGGRESSIVE;
				CLANG_CXX_LANGUAGE_STANDARD = "gnu++20";
				CLANG_ENABLE_MODULES = YES;
				CLANG_ENABLE_OBJC_ARC = YES;
				CLANG_ENABLE_OBJC_WEAK = YES;
				CLANG_WARN_BLOCK_CAPTURE_AUTORELEASING = YES;
				CLANG_WARN_BOOL_CONVERSION = YES;
				CLANG_WARN_COMMA = YES;
				CLANG_WARN_CONSTANT_CONVERSION = YES;
				CLANG_WARN_DEPRECATED_OBJC_IMPLEMENTATIONS = YES;
				CLANG_WARN_DIRECT_OBJC_ISA_USAGE = YES_ERROR;
				CLANG_WARN_DOCUMENTATION_COMMENTS = YES;
				CLANG_WARN_EMPTY_BODY = YES;
				CLANG_WARN_ENUM_CONVERSION = YES;
				CLANG_WARN_INFINITE_RECURSION = YES;
				CLANG_WARN_INT_CONVERSION = YES;
				CLANG_WARN_NON_LITERAL_NULL_CONVERSION = YES;
				CLANG_WARN_OBJC_IMPLICIT_RETAIN_SELF = YES;
				CLANG_WARN_OBJC_LITERAL_CONVERSION = YES;
				CLANG_WARN_OBJC_ROOT_CLASS = YES_ERROR;
				CLANG_WARN_QUOTED_INCLUDE_IN_FRAMEWORK_HEADER = YES;
				CLANG_WARN_RANGE_LOOP_ANALYSIS = YES;
				CLANG_WARN_STRICT_PROTOTYPES = YES;
				CLANG_WARN_SUSPICIOUS_MOVE = YES;
				CLANG_WARN_UNGUARDED_AVAILABILITY = YES_AGGRESSIVE;
				CLANG_WARN_UNREACHABLE_CODE = YES;
				CLANG_WARN__DUPLICATE_METHOD_MATCH = YES;
				COPY_PHASE_STRIP = NO;
				DEBUG_INFORMATION_FORMAT = dwarf;
				ENABLE_STRICT_OBJC_MSGSEND = YES;
				ENABLE_TESTABILITY = YES;
				GCC_C_LANGUAGE_STANDARD = gnu11;
				GCC_DYNAMIC_NO_PIC = NO;
				GCC_NO_COMMON_BLOCKS = YES;
				GCC_OPTIMIZATION_LEVEL = 0;
				GCC_PREPROCESSOR_DEFINITIONS = (
					"DEBUG=1",
					"$(inherited)",
				);
				GCC_WARN_64_TO_32_BIT_CONVERSION = YES;
				GCC_WARN_ABOUT_RETURN_TYPE = YES_ERROR;
				GCC_WARN_UNDECLARED_SELECTOR = YES;
				GCC_WARN_UNINITIALIZED_AUTOS = YES_AGGRESSIVE;
				GCC_WARN_UNUSED_FUNCTION = YES;
				GCC_WARN_UNUSED_VARIABLE = YES;
				IPHONEOS_DEPLOYMENT_TARGET = 16.1;
				MTL_ENABLE_DEBUG_INFO = INCLUDE_SOURCE;
				MTL_FAST_MATH = YES;
				ONLY_ACTIVE_ARCH = YES;
				SDKROOT = iphoneos;
				SWIFT_ACTIVE_COMPILATION_CONDITIONS = DEBUG;
				SWIFT_OPTIMIZATION_LEVEL = "-Onone";
			};
			name = Debug;
		};
		EC96258D29F9D12F004AC6AE /* Release */ = {
			isa = XCBuildConfiguration;
			buildSettings = {
				ALWAYS_SEARCH_USER_PATHS = NO;
				CLANG_ANALYZER_NONNULL = YES;
				CLANG_ANALYZER_NUMBER_OBJECT_CONVERSION = YES_AGGRESSIVE;
				CLANG_CXX_LANGUAGE_STANDARD = "gnu++20";
				CLANG_ENABLE_MODULES = YES;
				CLANG_ENABLE_OBJC_ARC = YES;
				CLANG_ENABLE_OBJC_WEAK = YES;
				CLANG_WARN_BLOCK_CAPTURE_AUTORELEASING = YES;
				CLANG_WARN_BOOL_CONVERSION = YES;
				CLANG_WARN_COMMA = YES;
				CLANG_WARN_CONSTANT_CONVERSION = YES;
				CLANG_WARN_DEPRECATED_OBJC_IMPLEMENTATIONS = YES;
				CLANG_WARN_DIRECT_OBJC_ISA_USAGE = YES_ERROR;
				CLANG_WARN_DOCUMENTATION_COMMENTS = YES;
				CLANG_WARN_EMPTY_BODY = YES;
				CLANG_WARN_ENUM_CONVERSION = YES;
				CLANG_WARN_INFINITE_RECURSION = YES;
				CLANG_WARN_INT_CONVERSION = YES;
				CLANG_WARN_NON_LITERAL_NULL_CONVERSION = YES;
				CLANG_WARN_OBJC_IMPLICIT_RETAIN_SELF = YES;
				CLANG_WARN_OBJC_LITERAL_CONVERSION = YES;
				CLANG_WARN_OBJC_ROOT_CLASS = YES_ERROR;
				CLANG_WARN_QUOTED_INCLUDE_IN_FRAMEWORK_HEADER = YES;
				CLANG_WARN_RANGE_LOOP_ANALYSIS = YES;
				CLANG_WARN_STRICT_PROTOTYPES = YES;
				CLANG_WARN_SUSPICIOUS_MOVE = YES;
				CLANG_WARN_UNGUARDED_AVAILABILITY = YES_AGGRESSIVE;
				CLANG_WARN_UNREACHABLE_CODE = YES;
				CLANG_WARN__DUPLICATE_METHOD_MATCH = YES;
				COPY_PHASE_STRIP = NO;
				DEBUG_INFORMATION_FORMAT = "dwarf-with-dsym";
				ENABLE_NS_ASSERTIONS = NO;
				ENABLE_STRICT_OBJC_MSGSEND = YES;
				GCC_C_LANGUAGE_STANDARD = gnu11;
				GCC_NO_COMMON_BLOCKS = YES;
				GCC_WARN_64_TO_32_BIT_CONVERSION = YES;
				GCC_WARN_ABOUT_RETURN_TYPE = YES_ERROR;
				GCC_WARN_UNDECLARED_SELECTOR = YES;
				GCC_WARN_UNINITIALIZED_AUTOS = YES_AGGRESSIVE;
				GCC_WARN_UNUSED_FUNCTION = YES;
				GCC_WARN_UNUSED_VARIABLE = YES;
				IPHONEOS_DEPLOYMENT_TARGET = 16.1;
				MTL_ENABLE_DEBUG_INFO = NO;
				MTL_FAST_MATH = YES;
				SDKROOT = iphoneos;
				SWIFT_COMPILATION_MODE = wholemodule;
				SWIFT_OPTIMIZATION_LEVEL = "-O";
				VALIDATE_PRODUCT = YES;
			};
			name = Release;
		};
		EC96258F29F9D12F004AC6AE /* Debug */ = {
			isa = XCBuildConfiguration;
			buildSettings = {
				ASSETCATALOG_COMPILER_APPICON_NAME = AppIcon;
				ASSETCATALOG_COMPILER_GLOBAL_ACCENT_COLOR_NAME = AccentColor;
				CODE_SIGN_STYLE = Automatic;
				CURRENT_PROJECT_VERSION = 1;
				DEVELOPMENT_TEAM = 3KRQW7JR73;
				GENERATE_INFOPLIST_FILE = YES;
				INFOPLIST_FILE = AppStore/Support/Info.plist;
				INFOPLIST_KEY_UIApplicationSupportsIndirectInputEvents = YES;
				INFOPLIST_KEY_UILaunchStoryboardName = LaunchScreen;
				INFOPLIST_KEY_UISupportedInterfaceOrientations_iPad = "UIInterfaceOrientationPortrait UIInterfaceOrientationPortraitUpsideDown UIInterfaceOrientationLandscapeLeft UIInterfaceOrientationLandscapeRight";
				INFOPLIST_KEY_UISupportedInterfaceOrientations_iPhone = "UIInterfaceOrientationPortrait UIInterfaceOrientationLandscapeLeft UIInterfaceOrientationLandscapeRight";
				LD_RUNPATH_SEARCH_PATHS = (
					"$(inherited)",
					"@executable_path/Frameworks",
				);
				MARKETING_VERSION = 1.0;
				PRODUCT_BUNDLE_IDENTIFIER = enes.AppStore;
				PRODUCT_NAME = "$(TARGET_NAME)";
				SWIFT_EMIT_LOC_STRINGS = YES;
				SWIFT_VERSION = 5.0;
				TARGETED_DEVICE_FAMILY = "1,2";
			};
			name = Debug;
		};
		EC96259029F9D12F004AC6AE /* Release */ = {
			isa = XCBuildConfiguration;
			buildSettings = {
				ASSETCATALOG_COMPILER_APPICON_NAME = AppIcon;
				ASSETCATALOG_COMPILER_GLOBAL_ACCENT_COLOR_NAME = AccentColor;
				CODE_SIGN_STYLE = Automatic;
				CURRENT_PROJECT_VERSION = 1;
				DEVELOPMENT_TEAM = 3KRQW7JR73;
				GENERATE_INFOPLIST_FILE = YES;
				INFOPLIST_FILE = AppStore/Support/Info.plist;
				INFOPLIST_KEY_UIApplicationSupportsIndirectInputEvents = YES;
				INFOPLIST_KEY_UILaunchStoryboardName = LaunchScreen;
				INFOPLIST_KEY_UISupportedInterfaceOrientations_iPad = "UIInterfaceOrientationPortrait UIInterfaceOrientationPortraitUpsideDown UIInterfaceOrientationLandscapeLeft UIInterfaceOrientationLandscapeRight";
				INFOPLIST_KEY_UISupportedInterfaceOrientations_iPhone = "UIInterfaceOrientationPortrait UIInterfaceOrientationLandscapeLeft UIInterfaceOrientationLandscapeRight";
				LD_RUNPATH_SEARCH_PATHS = (
					"$(inherited)",
					"@executable_path/Frameworks",
				);
				MARKETING_VERSION = 1.0;
				PRODUCT_BUNDLE_IDENTIFIER = enes.AppStore;
				PRODUCT_NAME = "$(TARGET_NAME)";
				SWIFT_EMIT_LOC_STRINGS = YES;
				SWIFT_VERSION = 5.0;
				TARGETED_DEVICE_FAMILY = "1,2";
			};
			name = Release;
		};
/* End XCBuildConfiguration section */

/* Begin XCConfigurationList section */
		EC96257529F9D12D004AC6AE /* Build configuration list for PBXProject "AppStore" */ = {
			isa = XCConfigurationList;
			buildConfigurations = (
				EC96258C29F9D12F004AC6AE /* Debug */,
				EC96258D29F9D12F004AC6AE /* Release */,
			);
			defaultConfigurationIsVisible = 0;
			defaultConfigurationName = Release;
		};
		EC96258E29F9D12F004AC6AE /* Build configuration list for PBXNativeTarget "AppStore" */ = {
			isa = XCConfigurationList;
			buildConfigurations = (
				EC96258F29F9D12F004AC6AE /* Debug */,
				EC96259029F9D12F004AC6AE /* Release */,
			);
			defaultConfigurationIsVisible = 0;
			defaultConfigurationName = Release;
		};
/* End XCConfigurationList section */

/* Begin XCRemoteSwiftPackageReference section */
		EC75100B29FB0D960012C433 /* XCRemoteSwiftPackageReference "Kingfisher" */ = {
			isa = XCRemoteSwiftPackageReference;
			repositoryURL = "https://github.com/onevcat/Kingfisher.git";
			requirement = {
				kind = upToNextMajorVersion;
				minimumVersion = 7.0.0;
			};
		};
		EC9625A029FAE136004AC6AE /* XCRemoteSwiftPackageReference "Alamofire" */ = {
			isa = XCRemoteSwiftPackageReference;
			repositoryURL = "https://github.com/Alamofire/Alamofire.git";
			requirement = {
				kind = upToNextMajorVersion;
				minimumVersion = 5.0.0;
			};
		};
/* End XCRemoteSwiftPackageReference section */

/* Begin XCSwiftPackageProductDependency section */
		EC75100C29FB0D960012C433 /* Kingfisher */ = {
			isa = XCSwiftPackageProductDependency;
			package = EC75100B29FB0D960012C433 /* XCRemoteSwiftPackageReference "Kingfisher" */;
			productName = Kingfisher;
		};
		EC9625A129FAE136004AC6AE /* Alamofire */ = {
			isa = XCSwiftPackageProductDependency;
			package = EC9625A029FAE136004AC6AE /* XCRemoteSwiftPackageReference "Alamofire" */;
			productName = Alamofire;
		};
/* End XCSwiftPackageProductDependency section */
	};
	rootObject = EC96257229F9D12D004AC6AE /* Project object */;
}
